
Microsoft Visual Studio Solution File, Format Version 12.00
# Visual Studio 14
VisualStudioVersion = 14.0.25420.1
MinimumVisualStudioVersion = 10.0.40219.1
Project("{FAE04EC0-301F-11D3-BF4B-00C04F79EFBC}") = "BarionClientTester", "BarionClientTester\BarionClientTester.csproj", "{1B5553B0-5022-44DC-8544-38EC52242BE6}"
EndProject
Project("{FAE04EC0-301F-11D3-BF4B-00C04F79EFBC}") = "BarionClientLibrary", "BarionClientLibrary\BarionClientLibrary.csproj", "{B05989C7-800F-4013-A60B-1C9B019BD2E2}"
EndProject
Project("{2150E333-8FDC-42A3-9474-1A3956D46DE8}") = "Solution Items", "Solution Items", "{1893C73D-92B4-4A41-980C-659F714BB7D6}"
	ProjectSection(SolutionItems) = preProject
		.gitattributes = .gitattributes
		.gitignore = .gitignore
		QuickStart.md = QuickStart.md
		README.md = README.md
		ReleaseNotes.md = ReleaseNotes.md
	EndProjectSection
EndProject
Project("{2150E333-8FDC-42A3-9474-1A3956D46DE8}") = "Build", "Build", "{18F4E511-9F73-4EC1-94CA-E35E0C29E0F3}"
	ProjectSection(SolutionItems) = preProject
		Build\createPackage.ps1 = Build\createPackage.ps1
		Build\publishPackage.ps1 = Build\publishPackage.ps1
	EndProjectSection
EndProject
Project("{FAE04EC0-301F-11D3-BF4B-00C04F79EFBC}") = "BarionClientLibrary.Tests", "BarionClientLibrary.Tests\BarionClientLibrary.Tests.csproj", "{9C570EE0-3D94-468A-A6FD-25C2AACBEDF1}"
EndProject
Project("{FAE04EC0-301F-11D3-BF4B-00C04F79EFBC}") = "BarionClientLibrary.IntegrationTests", "BarionClientLibrary.IntegrationTests\BarionClientLibrary.IntegrationTests.csproj", "{10F8DAE0-EC92-4CCC-A358-71BDF90CABFA}"
EndProject
Global
	GlobalSection(SolutionConfigurationPlatforms) = preSolution
		Debug|Any CPU = Debug|Any CPU
		Release|Any CPU = Release|Any CPU
	EndGlobalSection
	GlobalSection(ProjectConfigurationPlatforms) = postSolution
		{1B5553B0-5022-44DC-8544-38EC52242BE6}.Debug|Any CPU.ActiveCfg = Debug|Any CPU
		{1B5553B0-5022-44DC-8544-38EC52242BE6}.Debug|Any CPU.Build.0 = Debug|Any CPU
		{1B5553B0-5022-44DC-8544-38EC52242BE6}.Release|Any CPU.ActiveCfg = Release|Any CPU
		{1B5553B0-5022-44DC-8544-38EC52242BE6}.Release|Any CPU.Build.0 = Release|Any CPU
		{B05989C7-800F-4013-A60B-1C9B019BD2E2}.Debug|Any CPU.ActiveCfg = Debug|Any CPU
		{B05989C7-800F-4013-A60B-1C9B019BD2E2}.Debug|Any CPU.Build.0 = Debug|Any CPU
		{B05989C7-800F-4013-A60B-1C9B019BD2E2}.Release|Any CPU.ActiveCfg = Release|Any CPU
		{B05989C7-800F-4013-A60B-1C9B019BD2E2}.Release|Any CPU.Build.0 = Release|Any CPU
		{9C570EE0-3D94-468A-A6FD-25C2AACBEDF1}.Debug|Any CPU.ActiveCfg = Debug|Any CPU
		{9C570EE0-3D94-468A-A6FD-25C2AACBEDF1}.Debug|Any CPU.Build.0 = Debug|Any CPU
		{9C570EE0-3D94-468A-A6FD-25C2AACBEDF1}.Release|Any CPU.ActiveCfg = Release|Any CPU
		{9C570EE0-3D94-468A-A6FD-25C2AACBEDF1}.Release|Any CPU.Build.0 = Release|Any CPU
		{10F8DAE0-EC92-4CCC-A358-71BDF90CABFA}.Debug|Any CPU.ActiveCfg = Debug|Any CPU
		{10F8DAE0-EC92-4CCC-A358-71BDF90CABFA}.Debug|Any CPU.Build.0 = Debug|Any CPU
		{10F8DAE0-EC92-4CCC-A358-71BDF90CABFA}.Release|Any CPU.ActiveCfg = Release|Any CPU
		{10F8DAE0-EC92-4CCC-A358-71BDF90CABFA}.Release|Any CPU.Build.0 = Release|Any CPU
	EndGlobalSection
	GlobalSection(SolutionProperties) = preSolution
		HideSolutionNode = FALSE
	EndGlobalSection
EndGlobal
