
Microsoft Visual Studio Solution File, Format Version 12.00
# Visual Studio 14
VisualStudioVersion = 14.0.25420.1
MinimumVisualStudioVersion = 10.0.40219.1
Project("{8BB2217D-0F2D-49D1-97BC-3654ED321F3B}") = "BarionClientLibrary", "BarionClientLibrary\BarionClientLibrary.xproj", "{4FC8218D-9E00-4511-96AA-D96A2FF2F877}"
EndProject
Project("{8BB2217D-0F2D-49D1-97BC-3654ED321F3B}") = "BarionClientLibrary.Tests", "BarionClientLibrary.Tests\BarionClientLibrary.Tests.xproj", "{FA25FA9A-FD41-455A-9EF3-9B89FD48A23C}"
EndProject
Global
	GlobalSection(SolutionConfigurationPlatforms) = preSolution
		Debug|Any CPU = Debug|Any CPU
		Release|Any CPU = Release|Any CPU
	EndGlobalSection
	GlobalSection(ProjectConfigurationPlatforms) = postSolution
		{4FC8218D-9E00-4511-96AA-D96A2FF2F877}.Debug|Any CPU.ActiveCfg = Debug|Any CPU
		{4FC8218D-9E00-4511-96AA-D96A2FF2F877}.Debug|Any CPU.Build.0 = Debug|Any CPU
		{4FC8218D-9E00-4511-96AA-D96A2FF2F877}.Release|Any CPU.ActiveCfg = Release|Any CPU
		{4FC8218D-9E00-4511-96AA-D96A2FF2F877}.Release|Any CPU.Build.0 = Release|Any CPU
		{FA25FA9A-FD41-455A-9EF3-9B89FD48A23C}.Debug|Any CPU.ActiveCfg = Debug|Any CPU
		{FA25FA9A-FD41-455A-9EF3-9B89FD48A23C}.Debug|Any CPU.Build.0 = Debug|Any CPU
		{FA25FA9A-FD41-455A-9EF3-9B89FD48A23C}.Release|Any CPU.ActiveCfg = Release|Any CPU
		{FA25FA9A-FD41-455A-9EF3-9B89FD48A23C}.Release|Any CPU.Build.0 = Release|Any CPU
	EndGlobalSection
	GlobalSection(SolutionProperties) = preSolution
		HideSolutionNode = FALSE
	EndGlobalSection
EndGlobal
